lockfileVersion: 5.3

specifiers:
  esno: ^0.14.1

devDependencies:
  esno: 0.14.1

packages:

  /builtins/4.0.0:
    resolution: {integrity: sha512-qC0E2Dxgou1IHhvJSLwGDSTvokbRovU5zZFuDY6oY8Y2lF3nGt5Ad8YZK7GMtqzY84Wu7pXTPeHQeHcXSXsRhw==}
    dependencies:
      semver: 7.3.5
    dev: true

  /cross-spawn/7.0.3:
    resolution: {integrity: sha512-iRDPJKUPVEND7dHPO8rkbOnPpyDygcDFtWjpeWNCgy8WP2rXcxXL8TskReQl6OrB2G7+UJrags1q15Fudc7G6w==}
    engines: {node: '>= 8'}
    dependencies:
      path-key: 3.1.1
      shebang-command: 2.0.0
      which: 2.0.2
    dev: true

  /esbuild-android-arm64/0.14.21:
    resolution: {integrity: sha512-Bqgld1TY0wZv8TqiQmVxQFgYzz8ZmyzT7clXBDZFkOOdRybzsnj8AZuK1pwcLVA7Ya6XncHgJqIao7NFd3s0RQ==}
    engines: {node: '>=12'}
    cpu: [arm64]
    os: [android]
    requiresBuild: true
    dev: true
    optional: true

  /esbuild-darwin-64/0.14.21:
    resolution: {integrity: sha512-j+Eg+e13djzyYINVvAbOo2/zvZ2DivuJJTaBrJnJHSD7kUNuGHRkHoSfFjbI80KHkn091w350wdmXDNSgRjfYQ==}
    engines: {node: '>=12'}
    cpu: [x64]
    os: [darwin]
    requiresBuild: true
    dev: true
    optional: true

  /esbuild-darwin-arm64/0.14.21:
    resolution: {integrity: sha512-nDNTKWDPI0RuoPj5BhcSB2z5EmZJJAyRtZLIjyXSqSpAyoB8eyAKXl4lB8U2P78Fnh4Lh1le/fmpewXE04JhBQ==}
    engines: {node: '>=12'}
    cpu: [arm64]
    os: [darwin]
    requiresBuild: true
    dev: true
    optional: true

  /esbuild-freebsd-64/0.14.21:
    resolution: {integrity: sha512-zIurkCHXhxELiDZtLGiexi8t8onQc2LtuE+S7457H/pP0g0MLRKMrsn/IN4LDkNe6lvBjuoZZi2OfelOHn831g==}
    engines: {node: '>=12'}
    cpu: [x64]
    os: [freebsd]
    requiresBuild: true
    dev: true
    optional: true

  /esbuild-freebsd-arm64/0.14.21:
    resolution: {integrity: sha512-wdxMmkJfbwcN+q85MpeUEamVZ40FNsBa9mPq8tAszDn8TRT2HoJvVRADPIIBa9SWWwlDChIMjkDKAnS3KS/sPA==}
    engines: {node: '>=12'}
    cpu: [arm64]
    os: [freebsd]
    requiresBuild: true
    dev: true
    optional: true

  /esbuild-linux-32/0.14.21:
    resolution: {integrity: sha512-fmxvyzOPPh2xiEHojpCeIQP6pXcoKsWbz3ryDDIKLOsk4xp3GbpHIEAWP0xTeuhEbendmvBDVKbAVv3PnODXLg==}
    engines: {node: '>=12'}
    cpu: [ia32]
    os: [linux]
    requiresBuild: true
    dev: true
    optional: true

  /esbuild-linux-64/0.14.21:
    resolution: {integrity: sha512-edZyNOv1ql+kpmlzdqzzDjRQYls+tSyi4QFi+PdBhATJFUqHsnNELWA9vMSzAaInPOEaVUTA5Ml28XFChcy4DA==}
    engines: {node: '>=12'}
    cpu: [x64]
    os: [linux]
    requiresBuild: true
    dev: true
    optional: true

  /esbuild-linux-arm/0.14.21:
    resolution: {integrity: sha512-aSU5pUueK6afqmLQsbU+QcFBT62L+4G9hHMJDHWfxgid6hzhSmfRH9U/f+ymvxsSTr/HFRU4y7ox8ZyhlVl98w==}
    engines: {node: '>=12'}
    cpu: [arm]
    os: [linux]
    requiresBuild: true
    dev: true
    optional: true

  /esbuild-linux-arm64/0.14.21:
    resolution: {integrity: sha512-t5qxRkq4zdQC0zXpzSB2bTtfLgOvR0C6BXYaRE/6/k8/4SrkZcTZBeNu+xGvwCU4b5dU9ST9pwIWkK6T1grS8g==}
    engines: {node: '>=12'}
    cpu: [arm64]
    os: [linux]
    requiresBuild: true
    dev: true
    optional: true

  /esbuild-linux-mips64le/0.14.21:
    resolution: {integrity: sha512-jLZLQGCNlUsmIHtGqNvBs3zN+7a4D9ckf0JZ+jQTwHdZJ1SgV9mAjbB980OFo66LoY+WeM7t3WEnq3FjI1zw4A==}
    engines: {node: '>=12'}
    cpu: [mips64el]
    os: [linux]
    requiresBuild: true
    dev: true
    optional: true

  /esbuild-linux-ppc64le/0.14.21:
    resolution: {integrity: sha512-4TWxpK391en2UBUw6GSrukToTDu6lL9vkm3Ll40HrI08WG3qcnJu7bl8e1+GzelDsiw1QmfAY/nNvJ6iaHRpCQ==}
    engines: {node: '>=12'}
    cpu: [ppc64]
    os: [linux]
    requiresBuild: true
    dev: true
    optional: true

  /esbuild-linux-riscv64/0.14.21:
    resolution: {integrity: sha512-fElngqOaOfTsF+u+oetDLHsPG74vB2ZaGZUqmGefAJn3a5z9Z2pNa4WpVbbKgHpaAAy5tWM1m1sbGohj6Ki6+Q==}
    engines: {node: '>=12'}
    cpu: [riscv64]
    os: [linux]
    requiresBuild: true
    dev: true
    optional: true

  /esbuild-linux-s390x/0.14.21:
    resolution: {integrity: sha512-brleZ6R5fYv0qQ7ZBwenQmP6i9TdvJCB092c/3D3pTLQHBGHJb5zWgKxOeS7bdHzmLy6a6W7GbFk6QKpjyD6QA==}
    engines: {node: '>=12'}
    cpu: [s390x]
    os: [linux]
    requiresBuild: true
    dev: true
    optional: true

  /esbuild-netbsd-64/0.14.21:
    resolution: {integrity: sha512-nCEgsLCQ8RoFWVV8pVI+kX66ICwbPP/M9vEa0NJGIEB/Vs5sVGMqkf67oln90XNSkbc0bPBDuo4G6FxlF7PN8g==}
    engines: {node: '>=12'}
    cpu: [x64]
    os: [netbsd]
    requiresBuild: true
    dev: true
    optional: true

  /esbuild-node-loader/0.6.5:
    resolution: {integrity: sha512-uPP+dllWm38cFvDysdocutN3lfe5pTIbddAHp1ENyLzpHYqE2r+3Wo+pfg9X3p8DFWwzIisft5YkeBIthIcixw==}
    dependencies:
      esbuild: 0.14.21
    dev: true

  /esbuild-openbsd-64/0.14.21:
    resolution: {integrity: sha512-h9zLMyVD0T73MDTVYIb/qUTokwI6EJH9O6wESuTNq6+XpMSr6C5aYZ4fvFKdNELW+Xsod+yDS2hV2JTUAbFrLA==}
    engines: {node: '>=12'}
    cpu: [x64]
    os: [openbsd]
    requiresBuild: true
    dev: true
    optional: true

  /esbuild-register/3.3.2_esbuild@0.14.21:
    resolution: {integrity: sha512-jceAtTO6zxPmCfSD5cBb3rgIK1vmuqCKYwgylHiS1BF4pq0jJiJb4K2QMuqF4BEw7XDBRatYzip0upyTzfkgsQ==}
    peerDependencies:
      esbuild: '>=0.12 <1'
    dependencies:
      esbuild: 0.14.21
    dev: true

  /esbuild-sunos-64/0.14.21:
    resolution: {integrity: sha512-Kl+7Cot32qd9oqpLdB1tEGXEkjBlijrIxMJ0+vlDFaqsODutif25on0IZlFxEBtL2Gosd4p5WCV1U7UskNQfXA==}
    engines: {node: '>=12'}
    cpu: [x64]
    os: [sunos]
    requiresBuild: true
    dev: true
    optional: true

  /esbuild-windows-32/0.14.21:
    resolution: {integrity: sha512-V7vnTq67xPBUCk/9UtlolmQ798Ecjdr1ZoI1vcSgw7M82aSSt0eZdP6bh5KAFZU8pxDcx3qoHyWQfHYr11f22A==}
    engines: {node: '>=12'}
    cpu: [ia32]
    os: [win32]
    requiresBuild: true
    dev: true
    optional: true

  /esbuild-windows-64/0.14.21:
    resolution: {integrity: sha512-kDgHjKOHwjfJDCyRGELzVxiP/RBJBTA+wyspf78MTTJQkyPuxH2vChReNdWc+dU2S4gIZFHMdP1Qrl/k22ZmaA==}
    engines: {node: '>=12'}
    cpu: [x64]
    os: [win32]
    requiresBuild: true
    dev: true
    optional: true

  /esbuild-windows-arm64/0.14.21:
    resolution: {integrity: sha512-8Sbo0zpzgwWrwjQYLmHF78f7E2xg5Ve63bjB2ng3V2aManilnnTGaliq2snYg+NOX60+hEvJHRdVnuIAHW0lVw==}
    engines: {node: '>=12'}
    cpu: [arm64]
    os: [win32]
    requiresBuild: true
    dev: true
    optional: true

  /esbuild/0.14.21:
    resolution: {integrity: sha512-7WEoNMBJdLN993dr9h0CpFHPRc3yFZD+EAVY9lg6syJJ12gc5fHq8d75QRExuhnMkT2DaRiIKFThRvDWP+fO+A==}
    engines: {node: '>=12'}
    hasBin: true
    requiresBuild: true
    optionalDependencies:
      esbuild-android-arm64: 0.14.21
      esbuild-darwin-64: 0.14.21
      esbuild-darwin-arm64: 0.14.21
      esbuild-freebsd-64: 0.14.21
      esbuild-freebsd-arm64: 0.14.21
      esbuild-linux-32: 0.14.21
      esbuild-linux-64: 0.14.21
      esbuild-linux-arm: 0.14.21
      esbuild-linux-arm64: 0.14.21
      esbuild-linux-mips64le: 0.14.21
      esbuild-linux-ppc64le: 0.14.21
      esbuild-linux-riscv64: 0.14.21
      esbuild-linux-s390x: 0.14.21
      esbuild-netbsd-64: 0.14.21
      esbuild-openbsd-64: 0.14.21
      esbuild-sunos-64: 0.14.21
      esbuild-windows-32: 0.14.21
      esbuild-windows-64: 0.14.21
      esbuild-windows-arm64: 0.14.21
    dev: true

  /esno/0.14.1:
    resolution: {integrity: sha512-yDFYw6dGUjCT1qKsdG7WOc/RzIh/qwxUEVZ+ohCltaxBxEFMNqeqbQL9xjRl6Yvdwrfc5OCjUA9JbFmuu/8BKg==}
    hasBin: true
    dependencies:
      cross-spawn: 7.0.3
      esbuild: 0.14.21
      esbuild-node-loader: 0.6.5
      esbuild-register: 3.3.2_esbuild@0.14.21
      import-meta-resolve: 1.1.1
    dev: true

  /import-meta-resolve/1.1.1:
    resolution: {integrity: sha512-JiTuIvVyPaUg11eTrNDx5bgQ/yMKMZffc7YSjvQeSMXy58DO2SQ8BtAf3xteZvmzvjYh14wnqNjL8XVeDy2o9A==}
    dependencies:
      builtins: 4.0.0
    dev: true

  /isexe/2.0.0:
    resolution: {integrity: sha1-6PvzdNxVb/iUehDcsFctYz8s+hA=}
    dev: true

  /lru-cache/6.0.0:
    resolution: {integrity: sha512-Jo6dJ04CmSjuznwJSS3pUeWmd/H0ffTlkXXgwZi+eq1UCmqQwCh+eLsYOYCwY991i2Fah4h1BEMCx4qThGbsiA==}
    engines: {node: '>=10'}
    dependencies:
      yallist: 4.0.0
    dev: true

  /path-key/3.1.1:
    resolution: {integrity: sha512-ojmeN0qd+y0jszEtoY48r0Peq5dwMEkIlCOu6Q5f41lfkswXuKtYrhgoTpLnyIcHm24Uhqx+5Tqm2InSwLhE6Q==}
    engines: {node: '>=8'}
    dev: true

  /semver/7.3.5:
    resolution: {integrity: sha512-PoeGJYh8HK4BTO/a9Tf6ZG3veo/A7ZVsYrSA6J8ny9nb3B1VrpkuN+z9OE5wfE5p6H4LchYZsegiQgbJD94ZFQ==}
    engines: {node: '>=10'}
    hasBin: true
    dependencies:
      lru-cache: 6.0.0
    dev: true

  /shebang-command/2.0.0:
    resolution: {integrity: sha512-kHxr2zZpYtdmrN1qDjrrX/Z1rR1kG8Dx+gkpK1G4eXmvXswmcE1hTWBWYUzlraYw1/yZp6YuDY77YtvbN0dmDA==}
    engines: {node: '>=8'}
    dependencies:
      shebang-regex: 3.0.0
    dev: true

  /shebang-regex/3.0.0:
    resolution: {integrity: sha512-7++dFhtcx3353uBaq8DDR4NuxBetBzC7ZQOhmTQInHEd6bSrXdiEyzCvG07Z44UYdLShWUyXt5M/yhz8ekcb1A==}
    engines: {node: '>=8'}
    dev: true

  /which/2.0.2:
    resolution: {integrity: sha512-BLI3Tl1TW3Pvl70l3yq3Y64i+awpwXqsGBYWkkqMtnbXgrMD+yj7rhW0kuEDxzJaYXGjEW5ogapKNMEKNMjibA==}
    engines: {node: '>= 8'}
    hasBin: true
    dependencies:
      isexe: 2.0.0
    dev: true

  /yallist/4.0.0:
    resolution: {integrity: sha512-3wdGidZyq5PB084XLES5TpOSRA3wjXAlIWMhum2kRcv/41Sn2emQ0dycQW4uZXLejwKvg6EsvbdlVL+FYEct7A==}
    dev: true
