lockfileVersion: 5.3

specifiers:
  esbuild: ^0.14.5
  react: ^17.0.2
  react-dom: ^17.0.2

devDependencies:
  esbuild: 0.14.5
  react: 17.0.2
  react-dom: 17.0.2_react@17.0.2

packages:

  /esbuild-android-arm64/0.14.5:
    resolution: {integrity: sha512-Sl6ysm7OAZZz+X3Mv3tOPhjMuSxNmztgoXH4ZZ3Yhbje5emEY6qiTnv3vBSljDlUl/yGaIjqC44qlj8s8G71xA==}
    cpu: [arm64]
    os: [android]
    requiresBuild: true
    dev: true
    optional: true

  /esbuild-darwin-64/0.14.5:
    resolution: {integrity: sha512-VHZl23sM9BOZXcLxk1vTYls8TCAY+/3llw9vHKIWAHDHzBBOlVv26ORK8gnStNMqTjCSGSMoq4T5jOZf2WrJPQ==}
    cpu: [x64]
    os: [darwin]
    requiresBuild: true
    dev: true
    optional: true

  /esbuild-darwin-arm64/0.14.5:
    resolution: {integrity: sha512-ugPOLgEQPoPLSqAFBajaczt+lcbUZR+V2fby3572h5jf/kFV6UL8LAZ1Ze58hcbKwfvbh4C09kp0PhqPgXKwOg==}
    cpu: [arm64]
    os: [darwin]
    requiresBuild: true
    dev: true
    optional: true

  /esbuild-freebsd-64/0.14.5:
    resolution: {integrity: sha512-uP0yOixSHF505o/Kzq9e4bvZblCZp9GGx+a7enLOVSuvIvLmtj2yhZLRPGfbVNkPJXktTKNRAnNGkXHl53M6sw==}
    cpu: [x64]
    os: [freebsd]
    requiresBuild: true
    dev: true
    optional: true

  /esbuild-freebsd-arm64/0.14.5:
    resolution: {integrity: sha512-M99NPu8hlirFo6Fgx0WfX6XxUFdGclUNv3MyyfDtTdNYbccMESwLSACGpE7HvJKWscdjaqajeMu2an9adGNfCw==}
    cpu: [arm64]
    os: [freebsd]
    requiresBuild: true
    dev: true
    optional: true

  /esbuild-linux-32/0.14.5:
    resolution: {integrity: sha512-hfqln4yb/jf/vPvI/A6aCvpIzqF3PdDmrKiikTohEUuRtvEZz234krtNwEAw5ssCue4NX8BJqrMpCTAHOl3LQw==}
    cpu: [ia32]
    os: [linux]
    requiresBuild: true
    dev: true
    optional: true

  /esbuild-linux-64/0.14.5:
    resolution: {integrity: sha512-T+OuYPlhytjj5DsvjUXizNjbV+/IrZiaDc9SNUfqiUOXHu0URFqchjhPVbBiBnWykCMJFB6pqNap2Oxth4iuYw==}
    cpu: [x64]
    os: [linux]
    requiresBuild: true
    dev: true
    optional: true

  /esbuild-linux-arm/0.14.5:
    resolution: {integrity: sha512-5b10jKJ3lU4BUchOw9TgRResu8UZJf8qVjAzV5muHedonCfBzClGTT4KCNuOcLTJomH3wz6gNVJt1AxMglXnJg==}
    cpu: [arm]
    os: [linux]
    requiresBuild: true
    dev: true
    optional: true

  /esbuild-linux-arm64/0.14.5:
    resolution: {integrity: sha512-ANOzoaH4kfbhEZT0EGY9g1tsZhDA+I0FRwBsj7D8pCU900pXF/l8YAOy5jWFQIb3vjG5+orFc5SqSzAKCisvTQ==}
    cpu: [arm64]
    os: [linux]
    requiresBuild: true
    dev: true
    optional: true

  /esbuild-linux-mips64le/0.14.5:
    resolution: {integrity: sha512-sSmGfOUNNB2Nd3tzp1RHSxiJmM5/RUIEP5aAtH+PpOP7FPp15Jcfwq7UNBJ82KLN3SJcwhUeEfcCaUFBzbTKxg==}
    cpu: [mips64el]
    os: [linux]
    requiresBuild: true
    dev: true
    optional: true

  /esbuild-linux-ppc64le/0.14.5:
    resolution: {integrity: sha512-usfQrVVIQcpuc/U2NWc7/Ry+m622v+PjJ5eErNPdjWBPlcvD6kXaBTv94uQkVzZOHX3uYqprRrOjseed9ApSYA==}
    cpu: [ppc64]
    os: [linux]
    requiresBuild: true
    dev: true
    optional: true

  /esbuild-netbsd-64/0.14.5:
    resolution: {integrity: sha512-Q5KpvPZcPnNEaTjrvuWqvEnlhI2jyi1wWwYunlEUAhx60spQOTy10sdYOA+s1M+LPb6kwvasrZZDmYyQlcVZeA==}
    cpu: [x64]
    os: [netbsd]
    requiresBuild: true
    dev: true
    optional: true

  /esbuild-openbsd-64/0.14.5:
    resolution: {integrity: sha512-RZzRUu1RYKextJgXkHhAsuhLDvm73YP/wogpUG9MaAGvKTxnKAKRuaw2zJfnbz8iBqBQB2no2PmpVBNbqUTQrw==}
    cpu: [x64]
    os: [openbsd]
    requiresBuild: true
    dev: true
    optional: true

  /esbuild-sunos-64/0.14.5:
    resolution: {integrity: sha512-J2ffKsBBWscQlye+/giEgKsQCppwHHFqqt/sh+ojVF+DZy1ve6RpPGwXGcGF6IaZTAI9+Vk4eHleiQxb+PC9Yw==}
    cpu: [x64]
    os: [sunos]
    requiresBuild: true
    dev: true
    optional: true

  /esbuild-windows-32/0.14.5:
    resolution: {integrity: sha512-OTZvuAc1JBnwmeT+hR1+Vmgz6LOD7DggpnwtKMAExruSLxUMl02Z3pyalJ7zKh3gJ/KBRM1JQZLSk4/mFWijeQ==}
    cpu: [ia32]
    os: [win32]
    requiresBuild: true
    dev: true
    optional: true

  /esbuild-windows-64/0.14.5:
    resolution: {integrity: sha512-ZM9rlBDsPEeMVJ1wcpNMXUad9VzYOFeOBUXBi+16HZTvFPy2DkcC2ZWcrByP3IESToD5lvHdjSX/w8rxphjqig==}
    cpu: [x64]
    os: [win32]
    requiresBuild: true
    dev: true
    optional: true

  /esbuild-windows-arm64/0.14.5:
    resolution: {integrity: sha512-iK41mKG2LG0AKHE+9g/jDYU5ZQpJObt1uIPSGTiiiJKI5qbHdEck6Gaqq2tmBI933F2zB9yqZIX7IAdxwN/q4A==}
    cpu: [arm64]
    os: [win32]
    requiresBuild: true
    dev: true
    optional: true

  /esbuild/0.14.5:
    resolution: {integrity: sha512-ofwgH4ITPXhkMo2AM39oXpSe5KIyWjxicdqYVy+tLa1lMgxzPCKwaepcrSRtYbgTUMXwquxB1C3xQYpUNaPAFA==}
    hasBin: true
    requiresBuild: true
    optionalDependencies:
      esbuild-android-arm64: 0.14.5
      esbuild-darwin-64: 0.14.5
      esbuild-darwin-arm64: 0.14.5
      esbuild-freebsd-64: 0.14.5
      esbuild-freebsd-arm64: 0.14.5
      esbuild-linux-32: 0.14.5
      esbuild-linux-64: 0.14.5
      esbuild-linux-arm: 0.14.5
      esbuild-linux-arm64: 0.14.5
      esbuild-linux-mips64le: 0.14.5
      esbuild-linux-ppc64le: 0.14.5
      esbuild-netbsd-64: 0.14.5
      esbuild-openbsd-64: 0.14.5
      esbuild-sunos-64: 0.14.5
      esbuild-windows-32: 0.14.5
      esbuild-windows-64: 0.14.5
      esbuild-windows-arm64: 0.14.5
    dev: true

  /js-tokens/4.0.0:
    resolution: {integrity: sha512-RdJUflcE3cUzKiMqQgsCu06FPu9UdIJO0beYbPhHN4k6apgJtifcoCtT9bcxOpYBtpD2kCM6Sbzg4CausW/PKQ==}
    dev: true

  /loose-envify/1.4.0:
    resolution: {integrity: sha512-lyuxPGr/Wfhrlem2CL/UcnUc1zcqKAImBDzukY7Y5F/yQiNdko6+fRLevlw1HgMySw7f611UIY408EtxRSoK3Q==}
    hasBin: true
    dependencies:
      js-tokens: 4.0.0
    dev: true

  /object-assign/4.1.1:
    resolution: {integrity: sha1-IQmtx5ZYh8/AXLvUQsrIv7s2CGM=}
    engines: {node: '>=0.10.0'}
    dev: true

  /react-dom/17.0.2_react@17.0.2:
    resolution: {integrity: sha512-s4h96KtLDUQlsENhMn1ar8t2bEa+q/YAtj8pPPdIjPDGBDIVNsrD9aXNWqspUe6AzKCIG0C1HZZLqLV7qpOBGA==}
    peerDependencies:
      react: 17.0.2
    dependencies:
      loose-envify: 1.4.0
      object-assign: 4.1.1
      react: 17.0.2
      scheduler: 0.20.2
    dev: true

  /react/17.0.2:
    resolution: {integrity: sha512-gnhPt75i/dq/z3/6q/0asP78D0u592D5L1pd7M8P+dck6Fu/jJeL6iVVK23fptSUZj8Vjf++7wXA8UNclGQcbA==}
    engines: {node: '>=0.10.0'}
    dependencies:
      loose-envify: 1.4.0
      object-assign: 4.1.1
    dev: true

  /scheduler/0.20.2:
    resolution: {integrity: sha512-2eWfGgAqqWFGqtdMmcL5zCMK1U8KlXv8SQFGglL3CEtd0aDVDWgeF/YoCmvln55m5zSk3J/20hTaSBeSObsQDQ==}
    dependencies:
      loose-envify: 1.4.0
      object-assign: 4.1.1
    dev: true
