lockfileVersion: 5.3

specifiers:
  webpack: ^5.69.1
  webpack-cli: ^4.9.2

devDependencies:
  webpack: 5.69.1_webpack-cli@4.9.2
  webpack-cli: 4.9.2_webpack@5.69.1

packages:

  /@discoveryjs/json-ext/0.5.6:
    resolution: {integrity: sha512-ws57AidsDvREKrZKYffXddNkyaF14iHNHm8VQnZH6t99E8gczjNN0GpvcGny0imC80yQ0tHz1xVUKk/KFQSUyA==}
    engines: {node: '>=10.0.0'}
    dev: true

  /@types/eslint-scope/3.7.3:
    resolution: {integrity: sha512-PB3ldyrcnAicT35TWPs5IcwKD8S333HMaa2VVv4+wdvebJkjWuW/xESoB8IwRcog8HYVYamb1g/R31Qv5Bx03g==}
    dependencies:
      '@types/eslint': 8.4.1
      '@types/estree': 0.0.51
    dev: true

  /@types/eslint/8.4.1:
    resolution: {integrity: sha512-GE44+DNEyxxh2Kc6ro/VkIj+9ma0pO0bwv9+uHSyBrikYOHr8zYcdPvnBOp1aw8s+CjRvuSx7CyWqRrNFQ59mA==}
    dependencies:
      '@types/estree': 0.0.51
      '@types/json-schema': 7.0.9
    dev: true

  /@types/estree/0.0.51:
    resolution: {integrity: sha512-CuPgU6f3eT/XgKKPqKd/gLZV1Xmvf1a2R5POBOGQa6uv82xpls89HU5zKeVoyR8XzHd1RGNOlQlvUe3CFkjWNQ==}
    dev: true

  /@types/json-schema/7.0.9:
    resolution: {integrity: sha512-qcUXuemtEu+E5wZSJHNxUXeCZhAfXKQ41D+duX+VYPde7xyEVZci+/oXKJL13tnRs9lR2pr4fod59GT6/X1/yQ==}
    dev: true

  /@types/node/17.0.21:
    resolution: {integrity: sha512-DBZCJbhII3r90XbQxI8Y9IjjiiOGlZ0Hr32omXIZvwwZ7p4DMMXGrKXVyPfuoBOri9XNtL0UK69jYIBIsRX3QQ==}
    dev: true

  /@webassemblyjs/ast/1.11.1:
    resolution: {integrity: sha512-ukBh14qFLjxTQNTXocdyksN5QdM28S1CxHt2rdskFyL+xFV7VremuBLVbmCePj+URalXBENx/9Lm7lnhihtCSw==}
    dependencies:
      '@webassemblyjs/helper-numbers': 1.11.1
      '@webassemblyjs/helper-wasm-bytecode': 1.11.1
    dev: true

  /@webassemblyjs/floating-point-hex-parser/1.11.1:
    resolution: {integrity: sha512-iGRfyc5Bq+NnNuX8b5hwBrRjzf0ocrJPI6GWFodBFzmFnyvrQ83SHKhmilCU/8Jv67i4GJZBMhEzltxzcNagtQ==}
    dev: true

  /@webassemblyjs/helper-api-error/1.11.1:
    resolution: {integrity: sha512-RlhS8CBCXfRUR/cwo2ho9bkheSXG0+NwooXcc3PAILALf2QLdFyj7KGsKRbVc95hZnhnERon4kW/D3SZpp6Tcg==}
    dev: true

  /@webassemblyjs/helper-buffer/1.11.1:
    resolution: {integrity: sha512-gwikF65aDNeeXa8JxXa2BAk+REjSyhrNC9ZwdT0f8jc4dQQeDQ7G4m0f2QCLPJiMTTO6wfDmRmj/pW0PsUvIcA==}
    dev: true

  /@webassemblyjs/helper-numbers/1.11.1:
    resolution: {integrity: sha512-vDkbxiB8zfnPdNK9Rajcey5C0w+QJugEglN0of+kmO8l7lDb77AnlKYQF7aarZuCrv+l0UvqL+68gSDr3k9LPQ==}
    dependencies:
      '@webassemblyjs/floating-point-hex-parser': 1.11.1
      '@webassemblyjs/helper-api-error': 1.11.1
      '@xtuc/long': 4.2.2
    dev: true

  /@webassemblyjs/helper-wasm-bytecode/1.11.1:
    resolution: {integrity: sha512-PvpoOGiJwXeTrSf/qfudJhwlvDQxFgelbMqtq52WWiXC6Xgg1IREdngmPN3bs4RoO83PnL/nFrxucXj1+BX62Q==}
    dev: true

  /@webassemblyjs/helper-wasm-section/1.11.1:
    resolution: {integrity: sha512-10P9No29rYX1j7F3EVPX3JvGPQPae+AomuSTPiF9eBQeChHI6iqjMIwR9JmOJXwpnn/oVGDk7I5IlskuMwU/pg==}
    dependencies:
      '@webassemblyjs/ast': 1.11.1
      '@webassemblyjs/helper-buffer': 1.11.1
      '@webassemblyjs/helper-wasm-bytecode': 1.11.1
      '@webassemblyjs/wasm-gen': 1.11.1
    dev: true

  /@webassemblyjs/ieee754/1.11.1:
    resolution: {integrity: sha512-hJ87QIPtAMKbFq6CGTkZYJivEwZDbQUgYd3qKSadTNOhVY7p+gfP6Sr0lLRVTaG1JjFj+r3YchoqRYxNH3M0GQ==}
    dependencies:
      '@xtuc/ieee754': 1.2.0
    dev: true

  /@webassemblyjs/leb128/1.11.1:
    resolution: {integrity: sha512-BJ2P0hNZ0u+Th1YZXJpzW6miwqQUGcIHT1G/sf72gLVD9DZ5AdYTqPNbHZh6K1M5VmKvFXwGSWZADz+qBWxeRw==}
    dependencies:
      '@xtuc/long': 4.2.2
    dev: true

  /@webassemblyjs/utf8/1.11.1:
    resolution: {integrity: sha512-9kqcxAEdMhiwQkHpkNiorZzqpGrodQQ2IGrHHxCy+Ozng0ofyMA0lTqiLkVs1uzTRejX+/O0EOT7KxqVPuXosQ==}
    dev: true

  /@webassemblyjs/wasm-edit/1.11.1:
    resolution: {integrity: sha512-g+RsupUC1aTHfR8CDgnsVRVZFJqdkFHpsHMfJuWQzWU3tvnLC07UqHICfP+4XyL2tnr1amvl1Sdp06TnYCmVkA==}
    dependencies:
      '@webassemblyjs/ast': 1.11.1
      '@webassemblyjs/helper-buffer': 1.11.1
      '@webassemblyjs/helper-wasm-bytecode': 1.11.1
      '@webassemblyjs/helper-wasm-section': 1.11.1
      '@webassemblyjs/wasm-gen': 1.11.1
      '@webassemblyjs/wasm-opt': 1.11.1
      '@webassemblyjs/wasm-parser': 1.11.1
      '@webassemblyjs/wast-printer': 1.11.1
    dev: true

  /@webassemblyjs/wasm-gen/1.11.1:
    resolution: {integrity: sha512-F7QqKXwwNlMmsulj6+O7r4mmtAlCWfO/0HdgOxSklZfQcDu0TpLiD1mRt/zF25Bk59FIjEuGAIyn5ei4yMfLhA==}
    dependencies:
      '@webassemblyjs/ast': 1.11.1
      '@webassemblyjs/helper-wasm-bytecode': 1.11.1
      '@webassemblyjs/ieee754': 1.11.1
      '@webassemblyjs/leb128': 1.11.1
      '@webassemblyjs/utf8': 1.11.1
    dev: true

  /@webassemblyjs/wasm-opt/1.11.1:
    resolution: {integrity: sha512-VqnkNqnZlU5EB64pp1l7hdm3hmQw7Vgqa0KF/KCNO9sIpI6Fk6brDEiX+iCOYrvMuBWDws0NkTOxYEb85XQHHw==}
    dependencies:
      '@webassemblyjs/ast': 1.11.1
      '@webassemblyjs/helper-buffer': 1.11.1
      '@webassemblyjs/wasm-gen': 1.11.1
      '@webassemblyjs/wasm-parser': 1.11.1
    dev: true

  /@webassemblyjs/wasm-parser/1.11.1:
    resolution: {integrity: sha512-rrBujw+dJu32gYB7/Lup6UhdkPx9S9SnobZzRVL7VcBH9Bt9bCBLEuX/YXOOtBsOZ4NQrRykKhffRWHvigQvOA==}
    dependencies:
      '@webassemblyjs/ast': 1.11.1
      '@webassemblyjs/helper-api-error': 1.11.1
      '@webassemblyjs/helper-wasm-bytecode': 1.11.1
      '@webassemblyjs/ieee754': 1.11.1
      '@webassemblyjs/leb128': 1.11.1
      '@webassemblyjs/utf8': 1.11.1
    dev: true

  /@webassemblyjs/wast-printer/1.11.1:
    resolution: {integrity: sha512-IQboUWM4eKzWW+N/jij2sRatKMh99QEelo3Eb2q0qXkvPRISAj8Qxtmw5itwqK+TTkBuUIE45AxYPToqPtL5gg==}
    dependencies:
      '@webassemblyjs/ast': 1.11.1
      '@xtuc/long': 4.2.2
    dev: true

  /@webpack-cli/configtest/1.1.1_webpack-cli@4.9.2+webpack@5.69.1:
    resolution: {integrity: sha512-1FBc1f9G4P/AxMqIgfZgeOTuRnwZMten8E7zap5zgpPInnCrP8D4Q81+4CWIch8i/Nf7nXjP0v6CjjbHOrXhKg==}
    peerDependencies:
      webpack: 4.x.x || 5.x.x
      webpack-cli: 4.x.x
    dependencies:
      webpack: 5.69.1_webpack-cli@4.9.2
      webpack-cli: 4.9.2_webpack@5.69.1
    dev: true

  /@webpack-cli/info/1.4.1_webpack-cli@4.9.2:
    resolution: {integrity: sha512-PKVGmazEq3oAo46Q63tpMr4HipI3OPfP7LiNOEJg963RMgT0rqheag28NCML0o3GIzA3DmxP1ZIAv9oTX1CUIA==}
    peerDependencies:
      webpack-cli: 4.x.x
    dependencies:
      envinfo: 7.8.1
      webpack-cli: 4.9.2_webpack@5.69.1
    dev: true

  /@webpack-cli/serve/1.6.1_webpack-cli@4.9.2:
    resolution: {integrity: sha512-gNGTiTrjEVQ0OcVnzsRSqTxaBSr+dmTfm+qJsCDluky8uhdLWep7Gcr62QsAKHTMxjCS/8nEITsmFAhfIx+QSw==}
    peerDependencies:
      webpack-cli: 4.x.x
      webpack-dev-server: '*'
    peerDependenciesMeta:
      webpack-dev-server:
        optional: true
    dependencies:
      webpack-cli: 4.9.2_webpack@5.69.1
    dev: true

  /@xtuc/ieee754/1.2.0:
    resolution: {integrity: sha512-DX8nKgqcGwsc0eJSqYt5lwP4DH5FlHnmuWWBRy7X0NcaGR0ZtuyeESgMwTYVEtxmsNGY+qit4QYT/MIYTOTPeA==}
    dev: true

  /@xtuc/long/4.2.2:
    resolution: {integrity: sha512-NuHqBY1PB/D8xU6s/thBgOAiAP7HOYDQ32+BFZILJ8ivkUkAHQnWfn6WhL79Owj1qmUnoN/YPhktdIoucipkAQ==}
    dev: true

  /acorn-import-assertions/1.8.0_acorn@8.7.0:
    resolution: {integrity: sha512-m7VZ3jwz4eK6A4Vtt8Ew1/mNbP24u0FhdyfA7fSvnJR6LMdfOYnmuIrrJAgrYfYJ10F/otaHTtrtrtmHdMNzEw==}
    peerDependencies:
      acorn: ^8
    dependencies:
      acorn: 8.7.0
    dev: true

  /acorn/8.7.0:
    resolution: {integrity: sha512-V/LGr1APy+PXIwKebEWrkZPwoeoF+w1jiOBUmuxuiUIaOHtob8Qc9BTrYo7VuI5fR8tqsy+buA2WFooR5olqvQ==}
    engines: {node: '>=0.4.0'}
    hasBin: true
    dev: true

  /ajv-keywords/3.5.2_ajv@6.12.6:
    resolution: {integrity: sha512-5p6WTN0DdTGVQk6VjcEju19IgaHudalcfabD7yhDGeA6bcQnmL+CpveLJq/3hvfwd1aof6L386Ougkx6RfyMIQ==}
    peerDependencies:
      ajv: ^6.9.1
    dependencies:
      ajv: 6.12.6
    dev: true

  /ajv/6.12.6:
    resolution: {integrity: sha512-j3fVLgvTo527anyYyJOGTYJbG+vnnQYvE0m5mmkc1TK+nxAppkCLMIL0aZ4dblVCNoGShhm+kzE4ZUykBoMg4g==}
    dependencies:
      fast-deep-equal: 3.1.3
      fast-json-stable-stringify: 2.1.0
      json-schema-traverse: 0.4.1
      uri-js: 4.4.1
    dev: true

  /browserslist/4.19.3:
    resolution: {integrity: sha512-XK3X4xtKJ+Txj8G5c30B4gsm71s69lqXlkYui4s6EkKxuv49qjYlY6oVd+IFJ73d4YymtM3+djvvt/R/iJwwDg==}
    engines: {node: ^6 || ^7 || ^8 || ^9 || ^10 || ^11 || ^12 || >=13.7}
    hasBin: true
    dependencies:
      caniuse-lite: 1.0.30001312
      electron-to-chromium: 1.4.73
      escalade: 3.1.1
      node-releases: 2.0.2
      picocolors: 1.0.0
    dev: true

  /buffer-from/1.1.2:
    resolution: {integrity: sha512-E+XQCRwSbaaiChtv6k6Dwgc+bx+Bs6vuKJHHl5kox/BaKbhiXzqQOwK4cO22yElGp2OCmjwVhT3HmxgyPGnJfQ==}
    dev: true

  /caniuse-lite/1.0.30001312:
    resolution: {integrity: sha512-Wiz1Psk2MEK0pX3rUzWaunLTZzqS2JYZFzNKqAiJGiuxIjRPLgV6+VDPOg6lQOUxmDwhTlh198JsTTi8Hzw6aQ==}
    dev: true

  /chrome-trace-event/1.0.3:
    resolution: {integrity: sha512-p3KULyQg4S7NIHixdwbGX+nFHkoBiA4YQmyWtjb8XngSKV124nJmRysgAeujbUVb15vh+RvFUfCPqU7rXk+hZg==}
    engines: {node: '>=6.0'}
    dev: true

  /clone-deep/4.0.1:
    resolution: {integrity: sha512-neHB9xuzh/wk0dIHweyAXv2aPGZIVk3pLMe+/RNzINf17fe0OG96QroktYAUm7SM1PBnzTabaLboqqxDyMU+SQ==}
    engines: {node: '>=6'}
    dependencies:
      is-plain-object: 2.0.4
      kind-of: 6.0.3
      shallow-clone: 3.0.1
    dev: true

  /colorette/2.0.16:
    resolution: {integrity: sha512-hUewv7oMjCp+wkBv5Rm0v87eJhq4woh5rSR+42YSQJKecCqgIqNkZ6lAlQms/BwHPJA5NKMRlpxPRv0n8HQW6g==}
    dev: true

  /commander/2.20.3:
    resolution: {integrity: sha512-GpVkmM8vF2vQUkj2LvZmD35JxeJOLCwJ9cUkugyk2nuhbv3+mJvpLYYt+0+USMxE+oj+ey/lJEnhZw75x/OMcQ==}
    dev: true

  /commander/7.2.0:
    resolution: {integrity: sha512-QrWXB+ZQSVPmIWIhtEO9H+gwHaMGYiF5ChvoJ+K9ZGHG/sVsa6yiesAD1GC/x46sET00Xlwo1u49RVVVzvcSkw==}
    engines: {node: '>= 10'}
    dev: true

  /cross-spawn/7.0.3:
    resolution: {integrity: sha512-iRDPJKUPVEND7dHPO8rkbOnPpyDygcDFtWjpeWNCgy8WP2rXcxXL8TskReQl6OrB2G7+UJrags1q15Fudc7G6w==}
    engines: {node: '>= 8'}
    dependencies:
      path-key: 3.1.1
      shebang-command: 2.0.0
      which: 2.0.2
    dev: true

  /electron-to-chromium/1.4.73:
    resolution: {integrity: sha512-RlCffXkE/LliqfA5m29+dVDPB2r72y2D2egMMfIy3Le8ODrxjuZNVo4NIC2yPL01N4xb4nZQLwzi6Z5tGIGLnA==}
    dev: true

  /enhanced-resolve/5.9.1:
    resolution: {integrity: sha512-jdyZMwCQ5Oj4c5+BTnkxPgDZO/BJzh/ADDmKebayyzNwjVX1AFCeGkOfxNx0mHi2+8BKC5VxUYiw3TIvoT7vhw==}
    engines: {node: '>=10.13.0'}
    dependencies:
      graceful-fs: 4.2.9
      tapable: 2.2.1
    dev: true

  /envinfo/7.8.1:
    resolution: {integrity: sha512-/o+BXHmB7ocbHEAs6F2EnG0ogybVVUdkRunTT2glZU9XAaGmhqskrvKwqXuDfNjEO0LZKWdejEEpnq8aM0tOaw==}
    engines: {node: '>=4'}
    hasBin: true
    dev: true

  /es-module-lexer/0.9.3:
    resolution: {integrity: sha512-1HQ2M2sPtxwnvOvT1ZClHyQDiggdNjURWpY2we6aMKCQiUVxTmVs2UYPLIrD84sS+kMdUwfBSylbJPwNnBrnHQ==}
    dev: true

  /escalade/3.1.1:
    resolution: {integrity: sha512-k0er2gUkLf8O0zKJiAhmkTnJlTvINGv7ygDNPbeIsX/TJjGJZHuh9B2UxbsaEkmlEo9MfhrSzmhIlhRlI2GXnw==}
    engines: {node: '>=6'}
    dev: true

  /eslint-scope/5.1.1:
    resolution: {integrity: sha512-2NxwbF/hZ0KpepYN0cNbo+FN6XoK7GaHlQhgx/hIZl6Va0bF45RQOOwhLIy8lQDbuCiadSLCBnH2CFYquit5bw==}
    engines: {node: '>=8.0.0'}
    dependencies:
      esrecurse: 4.3.0
      estraverse: 4.3.0
    dev: true

  /esrecurse/4.3.0:
    resolution: {integrity: sha512-KmfKL3b6G+RXvP8N1vr3Tq1kL/oCFgn2NYXEtqP8/L3pKapUA4G8cFVaoF3SU323CD4XypR/ffioHmkti6/Tag==}
    engines: {node: '>=4.0'}
    dependencies:
      estraverse: 5.3.0
    dev: true

  /estraverse/4.3.0:
    resolution: {integrity: sha512-39nnKffWz8xN1BU/2c79n9nB9HDzo0niYUqx6xyqUnyoAnQyyWpOTdZEeiCch8BBu515t4wp9ZmgVfVhn9EBpw==}
    engines: {node: '>=4.0'}
    dev: true

  /estraverse/5.3.0:
    resolution: {integrity: sha512-MMdARuVEQziNTeJD8DgMqmhwR11BRQ/cBP+pLtYdSTnf3MIO8fFeiINEbX36ZdNlfU/7A9f3gUw49B3oQsvwBA==}
    engines: {node: '>=4.0'}
    dev: true

  /events/3.3.0:
    resolution: {integrity: sha512-mQw+2fkQbALzQ7V0MY0IqdnXNOeTtP4r0lN9z7AAawCXgqea7bDii20AYrIBrFd/Hx0M2Ocz6S111CaFkUcb0Q==}
    engines: {node: '>=0.8.x'}
    dev: true

  /execa/5.1.1:
    resolution: {integrity: sha512-8uSpZZocAZRBAPIEINJj3Lo9HyGitllczc27Eh5YYojjMFMn8yHMDMaUHE2Jqfq05D/wucwI4JGURyXt1vchyg==}
    engines: {node: '>=10'}
    dependencies:
      cross-spawn: 7.0.3
      get-stream: 6.0.1
      human-signals: 2.1.0
      is-stream: 2.0.1
      merge-stream: 2.0.0
      npm-run-path: 4.0.1
      onetime: 5.1.2
      signal-exit: 3.0.7
      strip-final-newline: 2.0.0
    dev: true

  /fast-deep-equal/3.1.3:
    resolution: {integrity: sha512-f3qQ9oQy9j2AhBe/H9VC91wLmKBCCU/gDOnKNAYG5hswO7BLKj09Hc5HYNz9cGI++xlpDCIgDaitVs03ATR84Q==}
    dev: true

  /fast-json-stable-stringify/2.1.0:
    resolution: {integrity: sha512-lhd/wF+Lk98HZoTCtlVraHtfh5XYijIjalXck7saUtuanSDyLMxnHhSXEDJqHxD7msR8D0uCmqlkwjCV8xvwHw==}
    dev: true

  /fastest-levenshtein/1.0.12:
    resolution: {integrity: sha512-On2N+BpYJ15xIC974QNVuYGMOlEVt4s0EOI3wwMqOmK1fdDY+FN/zltPV8vosq4ad4c/gJ1KHScUn/6AWIgiow==}
    dev: true

  /find-up/4.1.0:
    resolution: {integrity: sha512-PpOwAdQ/YlXQ2vj8a3h8IipDuYRi3wceVQQGYWxNINccq40Anw7BlsEXCMbt1Zt+OLA6Fq9suIpIWD0OsnISlw==}
    engines: {node: '>=8'}
    dependencies:
      locate-path: 5.0.0
      path-exists: 4.0.0
    dev: true

  /function-bind/1.1.1:
    resolution: {integrity: sha512-yIovAzMX49sF8Yl58fSCWJ5svSLuaibPxXQJFLmBObTuCr0Mf1KiPopGM9NiFjiYBCbfaa2Fh6breQ6ANVTI0A==}
    dev: true

  /get-stream/6.0.1:
    resolution: {integrity: sha512-ts6Wi+2j3jQjqi70w5AlN8DFnkSwC+MqmxEzdEALB2qXZYV3X/b1CTfgPLGJNMeAWxdPfU8FO1ms3NUfaHCPYg==}
    engines: {node: '>=10'}
    dev: true

  /glob-to-regexp/0.4.1:
    resolution: {integrity: sha512-lkX1HJXwyMcprw/5YUZc2s7DrpAiHB21/V+E1rHUrVNokkvB6bqMzT0VfV6/86ZNabt1k14YOIaT7nDvOX3Iiw==}
    dev: true

  /graceful-fs/4.2.9:
    resolution: {integrity: sha512-NtNxqUcXgpW2iMrfqSfR73Glt39K+BLwWsPs94yR63v45T0Wbej7eRmL5cWfwEgqXnmjQp3zaJTshdRW/qC2ZQ==}
    dev: true

  /has-flag/4.0.0:
    resolution: {integrity: sha512-EykJT/Q1KjTWctppgIAgfSO0tKVuZUjhgMr17kqTumMl6Afv3EISleU7qZUzoXDFTAHTDC4NOoG/ZxU3EvlMPQ==}
    engines: {node: '>=8'}
    dev: true

  /has/1.0.3:
    resolution: {integrity: sha512-f2dvO0VU6Oej7RkWJGrehjbzMAjFp5/VKPp5tTpWIV4JHHZK1/BxbFRtf/siA2SWTe09caDmVtYYzWEIbBS4zw==}
    engines: {node: '>= 0.4.0'}
    dependencies:
      function-bind: 1.1.1
    dev: true

  /human-signals/2.1.0:
    resolution: {integrity: sha512-B4FFZ6q/T2jhhksgkbEW3HBvWIfDW85snkQgawt07S7J5QXTk6BkNV+0yAeZrM5QpMAdYlocGoljn0sJ/WQkFw==}
    engines: {node: '>=10.17.0'}
    dev: true

  /import-local/3.1.0:
    resolution: {integrity: sha512-ASB07uLtnDs1o6EHjKpX34BKYDSqnFerfTOJL2HvMqF70LnxpjkzDB8J44oT9pu4AMPkQwf8jl6szgvNd2tRIg==}
    engines: {node: '>=8'}
    hasBin: true
    dependencies:
      pkg-dir: 4.2.0
      resolve-cwd: 3.0.0
    dev: true

  /interpret/2.2.0:
    resolution: {integrity: sha512-Ju0Bz/cEia55xDwUWEa8+olFpCiQoypjnQySseKtmjNrnps3P+xfpUmGr90T7yjlVJmOtybRvPXhKMbHr+fWnw==}
    engines: {node: '>= 0.10'}
    dev: true

  /is-core-module/2.8.1:
    resolution: {integrity: sha512-SdNCUs284hr40hFTFP6l0IfZ/RSrMXF3qgoRHd3/79unUTvrFO/JoXwkGm+5J/Oe3E/b5GsnG330uUNgRpu1PA==}
    dependencies:
      has: 1.0.3
    dev: true

  /is-plain-object/2.0.4:
    resolution: {integrity: sha512-h5PpgXkWitc38BBMYawTYMWJHFZJVnBquFE57xFpjB8pJFiF6gZ+bU+WyI/yqXiFR5mdLsgYNaPe8uao6Uv9Og==}
    engines: {node: '>=0.10.0'}
    dependencies:
      isobject: 3.0.1
    dev: true

  /is-stream/2.0.1:
    resolution: {integrity: sha512-hFoiJiTl63nn+kstHGBtewWSKnQLpyb155KHheA1l39uvtO9nWIop1p3udqPcUd/xbF1VLMO4n7OI6p7RbngDg==}
    engines: {node: '>=8'}
    dev: true

  /isexe/2.0.0:
    resolution: {integrity: sha1-6PvzdNxVb/iUehDcsFctYz8s+hA=}
    dev: true

  /isobject/3.0.1:
    resolution: {integrity: sha1-TkMekrEalzFjaqH5yNHMvP2reN8=}
    engines: {node: '>=0.10.0'}
    dev: true

  /jest-worker/27.5.1:
    resolution: {integrity: sha512-7vuh85V5cdDofPyxn58nrPjBktZo0u9x1g8WtjQol+jZDaE+fhN+cIvTj11GndBnMnyfrUOG1sZQxCdjKh+DKg==}
    engines: {node: '>= 10.13.0'}
    dependencies:
      '@types/node': 17.0.21
      merge-stream: 2.0.0
      supports-color: 8.1.1
    dev: true

  /json-parse-better-errors/1.0.2:
    resolution: {integrity: sha512-mrqyZKfX5EhL7hvqcV6WG1yYjnjeuYDzDhhcAAUrq8Po85NBQBJP+ZDUT75qZQ98IkUoBqdkExkukOU7Ts2wrw==}
    dev: true

  /json-schema-traverse/0.4.1:
    resolution: {integrity: sha512-xbbCH5dCYU5T8LcEhhuh7HJ88HXuW3qsI3Y0zOZFKfZEHcpWiHU/Jxzk629Brsab/mMiHQti9wMP+845RPe3Vg==}
    dev: true

  /kind-of/6.0.3:
    resolution: {integrity: sha512-dcS1ul+9tmeD95T+x28/ehLgd9mENa3LsvDTtzm3vyBEO7RPptvAD+t44WVXaUjTBRcrpFeFlC8WCruUR456hw==}
    engines: {node: '>=0.10.0'}
    dev: true

  /loader-runner/4.2.0:
    resolution: {integrity: sha512-92+huvxMvYlMzMt0iIOukcwYBFpkYJdpl2xsZ7LrlayO7E8SOv+JJUEK17B/dJIHAOLMfh2dZZ/Y18WgmGtYNw==}
    engines: {node: '>=6.11.5'}
    dev: true

  /locate-path/5.0.0:
    resolution: {integrity: sha512-t7hw9pI+WvuwNJXwk5zVHpyhIqzg2qTlklJOf0mVxGSbe3Fp2VieZcduNYjaLDoy6p9uGpQEGWG87WpMKlNq8g==}
    engines: {node: '>=8'}
    dependencies:
      p-locate: 4.1.0
    dev: true

  /merge-stream/2.0.0:
    resolution: {integrity: sha512-abv/qOcuPfk3URPfDzmZU1LKmuw8kT+0nIHvKrKgFrwifol/doWcdA4ZqsWQ8ENrFKkd67Mfpo/LovbIUsbt3w==}
    dev: true

  /mime-db/1.51.0:
    resolution: {integrity: sha512-5y8A56jg7XVQx2mbv1lu49NR4dokRnhZYTtL+KGfaa27uq4pSTXkwQkFJl4pkRMyNFz/EtYDSkiiEHx3F7UN6g==}
    engines: {node: '>= 0.6'}
    dev: true

  /mime-types/2.1.34:
    resolution: {integrity: sha512-6cP692WwGIs9XXdOO4++N+7qjqv0rqxxVvJ3VHPh/Sc9mVZcQP+ZGhkKiTvWMQRr2tbHkJP/Yn7Y0npb3ZBs4A==}
    engines: {node: '>= 0.6'}
    dependencies:
      mime-db: 1.51.0
    dev: true

  /mimic-fn/2.1.0:
    resolution: {integrity: sha512-OqbOk5oEQeAZ8WXWydlu9HJjz9WVdEIvamMCcXmuqUYjTknH/sqsWvhQ3vgwKFRR1HpjvNBKQ37nbJgYzGqGcg==}
    engines: {node: '>=6'}
    dev: true

  /neo-async/2.6.2:
    resolution: {integrity: sha512-Yd3UES5mWCSqR+qNT93S3UoYUkqAZ9lLg8a7g9rimsWmYGK8cVToA4/sF3RrshdyV3sAGMXVUmpMYOw+dLpOuw==}
    dev: true

  /node-releases/2.0.2:
    resolution: {integrity: sha512-XxYDdcQ6eKqp/YjI+tb2C5WM2LgjnZrfYg4vgQt49EK268b6gYCHsBLrK2qvJo4FmCtqmKezb0WZFK4fkrZNsg==}
    dev: true

  /npm-run-path/4.0.1:
    resolution: {integrity: sha512-S48WzZW777zhNIrn7gxOlISNAqi9ZC/uQFnRdbeIHhZhCA6UqpkOT8T1G7BvfdgP4Er8gF4sUbaS0i7QvIfCWw==}
    engines: {node: '>=8'}
    dependencies:
      path-key: 3.1.1
    dev: true

  /onetime/5.1.2:
    resolution: {integrity: sha512-kbpaSSGJTWdAY5KPVeMOKXSrPtr8C8C7wodJbcsd51jRnmD+GZu8Y0VoU6Dm5Z4vWr0Ig/1NKuWRKf7j5aaYSg==}
    engines: {node: '>=6'}
    dependencies:
      mimic-fn: 2.1.0
    dev: true

  /p-limit/2.3.0:
    resolution: {integrity: sha512-//88mFWSJx8lxCzwdAABTJL2MyWB12+eIY7MDL2SqLmAkeKU9qxRvWuSyTjm3FUmpBEMuFfckAIqEaVGUDxb6w==}
    engines: {node: '>=6'}
    dependencies:
      p-try: 2.2.0
    dev: true

  /p-locate/4.1.0:
    resolution: {integrity: sha512-R79ZZ/0wAxKGu3oYMlz8jy/kbhsNrS7SKZ7PxEHBgJ5+F2mtFW2fK2cOtBh1cHYkQsbzFV7I+EoRKe6Yt0oK7A==}
    engines: {node: '>=8'}
    dependencies:
      p-limit: 2.3.0
    dev: true

  /p-try/2.2.0:
    resolution: {integrity: sha512-R4nPAVTAU0B9D35/Gk3uJf/7XYbQcyohSKdvAxIRSNghFl4e71hVoGnBNQz9cWaXxO2I10KTC+3jMdvvoKw6dQ==}
    engines: {node: '>=6'}
    dev: true

  /path-exists/4.0.0:
    resolution: {integrity: sha512-ak9Qy5Q7jYb2Wwcey5Fpvg2KoAc/ZIhLSLOSBmRmygPsGwkVVt0fZa0qrtMz+m6tJTAHfZQ8FnmB4MG4LWy7/w==}
    engines: {node: '>=8'}
    dev: true

  /path-key/3.1.1:
    resolution: {integrity: sha512-ojmeN0qd+y0jszEtoY48r0Peq5dwMEkIlCOu6Q5f41lfkswXuKtYrhgoTpLnyIcHm24Uhqx+5Tqm2InSwLhE6Q==}
    engines: {node: '>=8'}
    dev: true

  /path-parse/1.0.7:
    resolution: {integrity: sha512-LDJzPVEEEPR+y48z93A0Ed0yXb8pAByGWo/k5YYdYgpY2/2EsOsksJrq7lOHxryrVOn1ejG6oAp8ahvOIQD8sw==}
    dev: true

  /picocolors/1.0.0:
    resolution: {integrity: sha512-1fygroTLlHu66zi26VoTDv8yRgm0Fccecssto+MhsZ0D/DGW2sm8E8AjW7NU5VVTRt5GxbeZ5qBuJr+HyLYkjQ==}
    dev: true

  /pkg-dir/4.2.0:
    resolution: {integrity: sha512-HRDzbaKjC+AOWVXxAU/x54COGeIv9eb+6CkDSQoNTt4XyWoIJvuPsXizxu/Fr23EiekbtZwmh1IcIG/l/a10GQ==}
    engines: {node: '>=8'}
    dependencies:
      find-up: 4.1.0
    dev: true

  /punycode/2.1.1:
    resolution: {integrity: sha512-XRsRjdf+j5ml+y/6GKHPZbrF/8p2Yga0JPtdqTIY2Xe5ohJPD9saDJJLPvp9+NSBprVvevdXZybnj2cv8OEd0A==}
    engines: {node: '>=6'}
    dev: true

  /randombytes/2.1.0:
    resolution: {integrity: sha512-vYl3iOX+4CKUWuxGi9Ukhie6fsqXqS9FE2Zaic4tNFD2N2QQaXOMFbuKK4QmDHC0JO6B1Zp41J0LpT0oR68amQ==}
    dependencies:
      safe-buffer: 5.2.1
    dev: true

  /rechoir/0.7.1:
    resolution: {integrity: sha512-/njmZ8s1wVeR6pjTZ+0nCnv8SpZNRMT2D1RLOJQESlYFDBvwpTA4KWJpZ+sBJ4+vhjILRcK7JIFdGCdxEAAitg==}
    engines: {node: '>= 0.10'}
    dependencies:
      resolve: 1.22.0
    dev: true

  /resolve-cwd/3.0.0:
    resolution: {integrity: sha512-OrZaX2Mb+rJCpH/6CpSqt9xFVpN++x01XnN2ie9g6P5/3xelLAkXWVADpdz1IHD/KFfEXyE6V0U01OQ3UO2rEg==}
    engines: {node: '>=8'}
    dependencies:
      resolve-from: 5.0.0
    dev: true

  /resolve-from/5.0.0:
    resolution: {integrity: sha512-qYg9KP24dD5qka9J47d0aVky0N+b4fTU89LN9iDnjB5waksiC49rvMB0PrUJQGoTmH50XPiqOvAjDfaijGxYZw==}
    engines: {node: '>=8'}
    dev: true

  /resolve/1.22.0:
    resolution: {integrity: sha512-Hhtrw0nLeSrFQ7phPp4OOcVjLPIeMnRlr5mcnVuMe7M/7eBn98A3hmFRLoFo3DLZkivSYwhRUJTyPyWAk56WLw==}
    hasBin: true
    dependencies:
      is-core-module: 2.8.1
      path-parse: 1.0.7
      supports-preserve-symlinks-flag: 1.0.0
    dev: true

  /safe-buffer/5.2.1:
    resolution: {integrity: sha512-rp3So07KcdmmKbGvgaNxQSJr7bGVSVk5S9Eq1F+ppbRo70+YeaDxkw5Dd8NPN+GD6bjnYm2VuPuCXmpuYvmCXQ==}
    dev: true

  /schema-utils/3.1.1:
    resolution: {integrity: sha512-Y5PQxS4ITlC+EahLuXaY86TXfR7Dc5lw294alXOq86JAHCihAIZfqv8nNCWvaEJvaC51uN9hbLGeV0cFBdH+Fw==}
    engines: {node: '>= 10.13.0'}
    dependencies:
      '@types/json-schema': 7.0.9
      ajv: 6.12.6
      ajv-keywords: 3.5.2_ajv@6.12.6
    dev: true

  /serialize-javascript/6.0.0:
    resolution: {integrity: sha512-Qr3TosvguFt8ePWqsvRfrKyQXIiW+nGbYpy8XK24NQHE83caxWt+mIymTT19DGFbNWNLfEwsrkSmN64lVWB9ag==}
    dependencies:
      randombytes: 2.1.0
    dev: true

  /shallow-clone/3.0.1:
    resolution: {integrity: sha512-/6KqX+GVUdqPuPPd2LxDDxzX6CAbjJehAAOKlNpqqUpAqPM6HeL8f+o3a+JsyGjn2lv0WY8UsTgUJjU9Ok55NA==}
    engines: {node: '>=8'}
    dependencies:
      kind-of: 6.0.3
    dev: true

  /shebang-command/2.0.0:
    resolution: {integrity: sha512-kHxr2zZpYtdmrN1qDjrrX/Z1rR1kG8Dx+gkpK1G4eXmvXswmcE1hTWBWYUzlraYw1/yZp6YuDY77YtvbN0dmDA==}
    engines: {node: '>=8'}
    dependencies:
      shebang-regex: 3.0.0
    dev: true

  /shebang-regex/3.0.0:
    resolution: {integrity: sha512-7++dFhtcx3353uBaq8DDR4NuxBetBzC7ZQOhmTQInHEd6bSrXdiEyzCvG07Z44UYdLShWUyXt5M/yhz8ekcb1A==}
    engines: {node: '>=8'}
    dev: true

  /signal-exit/3.0.7:
    resolution: {integrity: sha512-wnD2ZE+l+SPC/uoS0vXeE9L1+0wuaMqKlfz9AMUo38JsyLSBWSFcHR1Rri62LZc12vLr1gb3jl7iwQhgwpAbGQ==}
    dev: true

  /source-map-support/0.5.21:
    resolution: {integrity: sha512-uBHU3L3czsIyYXKX88fdrGovxdSCoTGDRZ6SYXtSRxLZUzHg5P/66Ht6uoUlHu9EZod+inXhKo3qQgwXUT/y1w==}
    dependencies:
      buffer-from: 1.1.2
      source-map: 0.6.1
    dev: true

  /source-map/0.6.1:
    resolution: {integrity: sha512-UjgapumWlbMhkBgzT7Ykc5YXUT46F0iKu8SGXq0bcwP5dz/h0Plj6enJqjz1Zbq2l5WaqYnrVbwWOWMyF3F47g==}
    engines: {node: '>=0.10.0'}
    dev: true

  /source-map/0.7.3:
    resolution: {integrity: sha512-CkCj6giN3S+n9qrYiBTX5gystlENnRW5jZeNLHpe6aue+SrHcG5VYwujhW9s4dY31mEGsxBDrHR6oI69fTXsaQ==}
    engines: {node: '>= 8'}
    dev: true

  /strip-final-newline/2.0.0:
    resolution: {integrity: sha512-BrpvfNAE3dcvq7ll3xVumzjKjZQ5tI1sEUIKr3Uoks0XUl45St3FlatVqef9prk4jRDzhW6WZg+3bk93y6pLjA==}
    engines: {node: '>=6'}
    dev: true

  /supports-color/8.1.1:
    resolution: {integrity: sha512-MpUEN2OodtUzxvKQl72cUF7RQ5EiHsGvSsVG0ia9c5RbWGL2CI4C7EpPS8UTBIplnlzZiNuV56w+FuNxy3ty2Q==}
    engines: {node: '>=10'}
    dependencies:
      has-flag: 4.0.0
    dev: true

  /supports-preserve-symlinks-flag/1.0.0:
    resolution: {integrity: sha512-ot0WnXS9fgdkgIcePe6RHNk1WA8+muPa6cSjeR3V8K27q9BB1rTE3R1p7Hv0z1ZyAc8s6Vvv8DIyWf681MAt0w==}
    engines: {node: '>= 0.4'}
    dev: true

  /tapable/2.2.1:
    resolution: {integrity: sha512-GNzQvQTOIP6RyTfE2Qxb8ZVlNmw0n88vp1szwWRimP02mnTsx3Wtn5qRdqY9w2XduFNUgvOwhNnQsjwCp+kqaQ==}
    engines: {node: '>=6'}
    dev: true

  /terser-webpack-plugin/5.3.1_webpack@5.69.1:
    resolution: {integrity: sha512-GvlZdT6wPQKbDNW/GDQzZFg/j4vKU96yl2q6mcUkzKOgW4gwf1Z8cZToUCrz31XHlPWH8MVb1r2tFtdDtTGJ7g==}
    engines: {node: '>= 10.13.0'}
    peerDependencies:
      '@swc/core': '*'
      esbuild: '*'
      uglify-js: '*'
      webpack: ^5.1.0
    peerDependenciesMeta:
      '@swc/core':
        optional: true
      esbuild:
        optional: true
      uglify-js:
        optional: true
    dependencies:
      jest-worker: 27.5.1
      schema-utils: 3.1.1
      serialize-javascript: 6.0.0
      source-map: 0.6.1
      terser: 5.11.0
      webpack: 5.69.1_webpack-cli@4.9.2
    dev: true

  /terser/5.11.0:
    resolution: {integrity: sha512-uCA9DLanzzWSsN1UirKwylhhRz3aKPInlfmpGfw8VN6jHsAtu8HJtIpeeHHK23rxnE/cDc+yvmq5wqkIC6Kn0A==}
    engines: {node: '>=10'}
    hasBin: true
    dependencies:
      acorn: 8.7.0
      commander: 2.20.3
      source-map: 0.7.3
      source-map-support: 0.5.21
    dev: true

  /uri-js/4.4.1:
    resolution: {integrity: sha512-7rKUyy33Q1yc98pQ1DAmLtwX109F7TIfWlW1Ydo8Wl1ii1SeHieeh0HHfPeL2fMXK6z0s8ecKs9frCuLJvndBg==}
    dependencies:
      punycode: 2.1.1
    dev: true

  /watchpack/2.3.1:
    resolution: {integrity: sha512-x0t0JuydIo8qCNctdDrn1OzH/qDzk2+rdCOC3YzumZ42fiMqmQ7T3xQurykYMhYfHaPHTp4ZxAx2NfUo1K6QaA==}
    engines: {node: '>=10.13.0'}
    dependencies:
      glob-to-regexp: 0.4.1
      graceful-fs: 4.2.9
    dev: true

  /webpack-cli/4.9.2_webpack@5.69.1:
    resolution: {integrity: sha512-m3/AACnBBzK/kMTcxWHcZFPrw/eQuY4Df1TxvIWfWM2x7mRqBQCqKEd96oCUa9jkapLBaFfRce33eGDb4Pr7YQ==}
    engines: {node: '>=10.13.0'}
    hasBin: true
    peerDependencies:
      '@webpack-cli/generators': '*'
      '@webpack-cli/migrate': '*'
      webpack: 4.x.x || 5.x.x
      webpack-bundle-analyzer: '*'
      webpack-dev-server: '*'
    peerDependenciesMeta:
      '@webpack-cli/generators':
        optional: true
      '@webpack-cli/migrate':
        optional: true
      webpack-bundle-analyzer:
        optional: true
      webpack-dev-server:
        optional: true
    dependencies:
      '@discoveryjs/json-ext': 0.5.6
      '@webpack-cli/configtest': 1.1.1_webpack-cli@4.9.2+webpack@5.69.1
      '@webpack-cli/info': 1.4.1_webpack-cli@4.9.2
      '@webpack-cli/serve': 1.6.1_webpack-cli@4.9.2
      colorette: 2.0.16
      commander: 7.2.0
      execa: 5.1.1
      fastest-levenshtein: 1.0.12
      import-local: 3.1.0
      interpret: 2.2.0
      rechoir: 0.7.1
      webpack: 5.69.1_webpack-cli@4.9.2
      webpack-merge: 5.8.0
    dev: true

  /webpack-merge/5.8.0:
    resolution: {integrity: sha512-/SaI7xY0831XwP6kzuwhKWVKDP9t1QY1h65lAFLbZqMPIuYcD9QAW4u9STIbU9kaJbPBB/geU/gLr1wDjOhQ+Q==}
    engines: {node: '>=10.0.0'}
    dependencies:
      clone-deep: 4.0.1
      wildcard: 2.0.0
    dev: true

  /webpack-sources/3.2.3:
    resolution: {integrity: sha512-/DyMEOrDgLKKIG0fmvtz+4dUX/3Ghozwgm6iPp8KRhvn+eQf9+Q7GWxVNMk3+uCPWfdXYC4ExGBckIXdFEfH1w==}
    engines: {node: '>=10.13.0'}
    dev: true

  /webpack/5.69.1_webpack-cli@4.9.2:
    resolution: {integrity: sha512-+VyvOSJXZMT2V5vLzOnDuMz5GxEqLk7hKWQ56YxPW/PQRUuKimPqmEIJOx8jHYeyo65pKbapbW464mvsKbaj4A==}
    engines: {node: '>=10.13.0'}
    hasBin: true
    peerDependencies:
      webpack-cli: '*'
    peerDependenciesMeta:
      webpack-cli:
        optional: true
    dependencies:
      '@types/eslint-scope': 3.7.3
      '@types/estree': 0.0.51
      '@webassemblyjs/ast': 1.11.1
      '@webassemblyjs/wasm-edit': 1.11.1
      '@webassemblyjs/wasm-parser': 1.11.1
      acorn: 8.7.0
      acorn-import-assertions: 1.8.0_acorn@8.7.0
      browserslist: 4.19.3
      chrome-trace-event: 1.0.3
      enhanced-resolve: 5.9.1
      es-module-lexer: 0.9.3
      eslint-scope: 5.1.1
      events: 3.3.0
      glob-to-regexp: 0.4.1
      graceful-fs: 4.2.9
      json-parse-better-errors: 1.0.2
      loader-runner: 4.2.0
      mime-types: 2.1.34
      neo-async: 2.6.2
      schema-utils: 3.1.1
      tapable: 2.2.1
      terser-webpack-plugin: 5.3.1_webpack@5.69.1
      watchpack: 2.3.1
      webpack-cli: 4.9.2_webpack@5.69.1
      webpack-sources: 3.2.3
    transitivePeerDependencies:
      - '@swc/core'
      - esbuild
      - uglify-js
    dev: true

  /which/2.0.2:
    resolution: {integrity: sha512-BLI3Tl1TW3Pvl70l3yq3Y64i+awpwXqsGBYWkkqMtnbXgrMD+yj7rhW0kuEDxzJaYXGjEW5ogapKNMEKNMjibA==}
    engines: {node: '>= 8'}
    hasBin: true
    dependencies:
      isexe: 2.0.0
    dev: true

  /wildcard/2.0.0:
    resolution: {integrity: sha512-JcKqAHLPxcdb9KM49dufGXn2x3ssnfjbcaQdLlfZsL9rH9wgDQjUtDxbo8NE0F6SFvydeu1VhZe7hZuHsB2/pw==}
    dev: true
